
Microsoft Visual Studio Solution File, Format Version 12.00
# Visual Studio Version 16
VisualStudioVersion = 16.0.31729.503
MinimumVisualStudioVersion = 10.0.40219.1
Project("{FAE04EC0-301F-11D3-BF4B-00C04F79EFBC}") = "Shop", "Shop.csproj", "{8D1EC3B5-A88F-4430-B0E6-82D96F7529E2}"
EndProject
Global
	GlobalSection(SolutionConfigurationPlatforms) = preSolution
		Debug|Any CPU = Debug|Any CPU
		Release|Any CPU = Release|Any CPU
	EndGlobalSection
	GlobalSection(ProjectConfigurationPlatforms) = postSolution
		{8D1EC3B5-A88F-4430-B0E6-82D96F7529E2}.Debug|Any CPU.ActiveCfg = Debug|Any CPU
		{8D1EC3B5-A88F-4430-B0E6-82D96F7529E2}.Debug|Any CPU.Build.0 = Debug|Any CPU
		{8D1EC3B5-A88F-4430-B0E6-82D96F7529E2}.Release|Any CPU.ActiveCfg = Release|Any CPU
		{8D1EC3B5-A88F-4430-B0E6-82D96F7529E2}.Release|Any CPU.Build.0 = Release|Any CPU
	EndGlobalSection
	GlobalSection(SolutionProperties) = preSolution
		HideSolutionNode = FALSE
	EndGlobalSection
	GlobalSection(ExtensibilityGlobals) = postSolution
		SolutionGuid = {141842A6-335F-4050-9C6F-20A567CD74AF}
	EndGlobalSection
EndGlobal
